{
  "name": "itulabs",
  "lockfileVersion": 3,
  "requires": true,
  "packages": {
    "": {
      "devDependencies": {
        "supabase": "^2.106.0-beta.13"
      }
    },
    "node_modules/@supabase/cli-darwin-arm64": {
      "version": "2.106.0-beta.13",
      "resolved": "https://registry.npmjs.org/@supabase/cli-darwin-arm64/-/cli-darwin-arm64-2.106.0-beta.13.tgz",
      "integrity": "sha512-XHf0LO1+OZCecySEl0md0OGwNMgNQVXTTRGFx98M+MlOMUqtMlClb0JiRvziDKJdnT3bEWCHJrCFKlQibyF/Vg==",
      "cpu": [
        "arm64"
      ],
      "dev": true,
      "license": "MIT",
      "optional": true,
      "os": [
        "darwin"
      ]
    },
    "node_modules/@supabase/cli-darwin-x64": {
      "version": "2.106.0-beta.13",
      "resolved": "https://registry.npmjs.org/@supabase/cli-darwin-x64/-/cli-darwin-x64-2.106.0-beta.13.tgz",
      "integrity": "sha512-UXqRMNtrNaf2nIyiWep/CTLlM1PMX/hhVg680MyBkOdjn4UnnZ7Ncp89We//ITTpYk4hKO0UvvKrnk8dl2x1iw==",
      "cpu": [
        "x64"
      ],
      "dev": true,
      "license": "MIT",
      "optional": true,
      "os": [
        "darwin"
      ]
    },
    "node_modules/@supabase/cli-linux-arm64": {
      "version": "2.106.0-beta.13",
      "resolved": "https://registry.npmjs.org/@supabase/cli-linux-arm64/-/cli-linux-arm64-2.106.0-beta.13.tgz",
      "integrity": "sha512-6kqGNqNDpfBYI4cYfjD2Fixw8MiwhAKMEZp/TycQxiDTx21n3eqXLlfaGm4VEl/C6h7xPL0mhrZ1aOXv6EXWAg==",
      "cpu": [
        "arm64"
      ],
      "dev": true,
      "license": "MIT",
      "optional": true,
      "os": [
        "linux"
      ]
    },
    "node_modules/@supabase/cli-linux-arm64-musl": {
      "version": "2.106.0-beta.13",
      "resolved": "https://registry.npmjs.org/@supabase/cli-linux-arm64-musl/-/cli-linux-arm64-musl-2.106.0-beta.13.tgz",
      "integrity": "sha512-jhErnrBx+d6+++XBH7lj9msfuM0ahHrPZu+IDhdFkL9ifFbu+Qre2KNsLQOsDpb9VWKKBhx4uL0xjOWLAcOzfg==",
      "cpu": [
        "arm64"
      ],
      "dev": true,
      "license": "MIT",
      "optional": true,
      "os": [
        "linux"
      ]
    },
    "node_modules/@supabase/cli-linux-x64": {
      "version": "2.106.0-beta.13",
      "resolved": "https://registry.npmjs.org/@supabase/cli-linux-x64/-/cli-linux-x64-2.106.0-beta.13.tgz",
      "integrity": "sha512-cd11PRjnbBojKsaBgISFr4yhGkTLM2GcJDZ3IVyO5rJGeX/XwDLiWVlv7eC1FiJkcu2rENVK5gT3qK7z4c5GzA==",
      "cpu": [
        "x64"
      ],
      "dev": true,
      "license": "MIT",
      "optional": true,
      "os": [
        "linux"
      ]
    },
    "node_modules/@supabase/cli-linux-x64-musl": {
      "version": "2.106.0-beta.13",
      "resolved": "https://registry.npmjs.org/@supabase/cli-linux-x64-musl/-/cli-linux-x64-musl-2.106.0-beta.13.tgz",
      "integrity": "sha512-u8K6vic+P30b+yDjFIZHAOkc6nHKn6wnnRqbZEpbHjX41AgDfgydE301hng0sbR3lbfA/1brWNwLJ+2yt16gOA==",
      "cpu": [
        "x64"
      ],
      "dev": true,
      "license": "MIT",
      "optional": true,
      "os": [
        "linux"
      ]
    },
    "node_modules/@supabase/cli-windows-arm64": {
      "version": "2.106.0-beta.13",
      "resolved": "https://registry.npmjs.org/@supabase/cli-windows-arm64/-/cli-windows-arm64-2.106.0-beta.13.tgz",
      "integrity": "sha512-YTGWyqmzR0ACW/Eu9dcH6jIkGNpo6s8H8f75mA2oFyHsaMS1kJPc2DG41TumEJ2ZxEcsDgZ1of8PDsO0lsKbYQ==",
      "cpu": [
        "arm64"
      ],
      "dev": true,
      "license": "MIT",
      "optional": true,
      "os": [
        "win32"
      ]
    },
    "node_modules/@supabase/cli-windows-x64": {
      "version": "2.106.0-beta.13",
      "resolved": "https://registry.npmjs.org/@supabase/cli-windows-x64/-/cli-windows-x64-2.106.0-beta.13.tgz",
      "integrity": "sha512-Cl77MDm1ugF5zNfpWCbmZL68lhjwKPaAwg2LEfRsTdG4KyA/Yj4uBN9dxpdcjxyDNRTq00kkvM7QRqk/tVbuUA==",
      "cpu": [
        "x64"
      ],
      "dev": true,
      "license": "MIT",
      "optional": true,
      "os": [
        "win32"
      ]
    },
    "node_modules/supabase": {
      "version": "2.106.0-beta.13",
      "resolved": "https://registry.npmjs.org/supabase/-/supabase-2.106.0-beta.13.tgz",
      "integrity": "sha512-YKwnhYcVRkGX8Uv2uRc4TC6TmT2a8GRQz3/J/FDBnwVzdPmWtEFgXnYNL+w6uRkrQkE4MGwJEpIx4tvFGdY0PQ==",
      "dev": true,
      "license": "MIT",
      "bin": {
        "supabase": "dist/supabase.js"
      },
      "optionalDependencies": {
        "@supabase/cli-darwin-arm64": "2.106.0-beta.13",
        "@supabase/cli-darwin-x64": "2.106.0-beta.13",
        "@supabase/cli-linux-arm64": "2.106.0-beta.13",
        "@supabase/cli-linux-arm64-musl": "2.106.0-beta.13",
        "@supabase/cli-linux-x64": "2.106.0-beta.13",
        "@supabase/cli-linux-x64-musl": "2.106.0-beta.13",
        "@supabase/cli-windows-arm64": "2.106.0-beta.13",
        "@supabase/cli-windows-x64": "2.106.0-beta.13"
      }
    }
  }
}
